
Microsoft Visual Studio Solution File, Format Version 12.00
# Visual Studio Version 17
VisualStudioVersion = 17.2.32630.192
MinimumVisualStudioVersion = 10.0.40219.1
Project("{9A19103F-16F7-4668-BE54-9A1E7A4F7556}") = "RPS", "RPS\RPS.csproj", "{4D3BC9A5-7E6B-4657-ADC8-73A43FEF33D9}"
EndProject
Project("{FAE04EC0-301F-11D3-BF4B-00C04F79EFBC}") = "Entities", "Entities\Entities.csproj", "{519B648D-30EC-4D2B-A619-1C8AB8399837}"
EndProject
Project("{FAE04EC0-301F-11D3-BF4B-00C04F79EFBC}") = "Services.Abstractions", "Services.Abstractions\Services.Abstractions.csproj", "{B837428F-F5AB-4A54-A64B-B0264C4794C7}"
EndProject
Project("{FAE04EC0-301F-11D3-BF4B-00C04F79EFBC}") = "Services", "Services\Services.csproj", "{0A3AE1E3-96AA-4D5F-ADBB-E14DB2990A9C}"
EndProject
Project("{FAE04EC0-301F-11D3-BF4B-00C04F79EFBC}") = "Repository.Contracts", "Repository.Contracts\Repository.Contracts.csproj", "{D8309EA8-4074-4890-9BF4-ED7F16678CF4}"
EndProject
Project("{FAE04EC0-301F-11D3-BF4B-00C04F79EFBC}") = "Repository", "Repository\Repository.csproj", "{69233376-7BC1-4376-B4AE-5049957A7564}"
EndProject
Global
	GlobalSection(SolutionConfigurationPlatforms) = preSolution
		Debug|Any CPU = Debug|Any CPU
		Release|Any CPU = Release|Any CPU
	EndGlobalSection
	GlobalSection(ProjectConfigurationPlatforms) = postSolution
		{4D3BC9A5-7E6B-4657-ADC8-73A43FEF33D9}.Debug|Any CPU.ActiveCfg = Debug|Any CPU
		{4D3BC9A5-7E6B-4657-ADC8-73A43FEF33D9}.Debug|Any CPU.Build.0 = Debug|Any CPU
		{4D3BC9A5-7E6B-4657-ADC8-73A43FEF33D9}.Release|Any CPU.ActiveCfg = Release|Any CPU
		{4D3BC9A5-7E6B-4657-ADC8-73A43FEF33D9}.Release|Any CPU.Build.0 = Release|Any CPU
		{519B648D-30EC-4D2B-A619-1C8AB8399837}.Debug|Any CPU.ActiveCfg = Debug|Any CPU
		{519B648D-30EC-4D2B-A619-1C8AB8399837}.Debug|Any CPU.Build.0 = Debug|Any CPU
		{519B648D-30EC-4D2B-A619-1C8AB8399837}.Release|Any CPU.ActiveCfg = Release|Any CPU
		{519B648D-30EC-4D2B-A619-1C8AB8399837}.Release|Any CPU.Build.0 = Release|Any CPU
		{B837428F-F5AB-4A54-A64B-B0264C4794C7}.Debug|Any CPU.ActiveCfg = Debug|Any CPU
		{B837428F-F5AB-4A54-A64B-B0264C4794C7}.Debug|Any CPU.Build.0 = Debug|Any CPU
		{B837428F-F5AB-4A54-A64B-B0264C4794C7}.Release|Any CPU.ActiveCfg = Release|Any CPU
		{B837428F-F5AB-4A54-A64B-B0264C4794C7}.Release|Any CPU.Build.0 = Release|Any CPU
		{0A3AE1E3-96AA-4D5F-ADBB-E14DB2990A9C}.Debug|Any CPU.ActiveCfg = Debug|Any CPU
		{0A3AE1E3-96AA-4D5F-ADBB-E14DB2990A9C}.Debug|Any CPU.Build.0 = Debug|Any CPU
		{0A3AE1E3-96AA-4D5F-ADBB-E14DB2990A9C}.Release|Any CPU.ActiveCfg = Release|Any CPU
		{0A3AE1E3-96AA-4D5F-ADBB-E14DB2990A9C}.Release|Any CPU.Build.0 = Release|Any CPU
		{D8309EA8-4074-4890-9BF4-ED7F16678CF4}.Debug|Any CPU.ActiveCfg = Debug|Any CPU
		{D8309EA8-4074-4890-9BF4-ED7F16678CF4}.Debug|Any CPU.Build.0 = Debug|Any CPU
		{D8309EA8-4074-4890-9BF4-ED7F16678CF4}.Release|Any CPU.ActiveCfg = Release|Any CPU
		{D8309EA8-4074-4890-9BF4-ED7F16678CF4}.Release|Any CPU.Build.0 = Release|Any CPU
		{69233376-7BC1-4376-B4AE-5049957A7564}.Debug|Any CPU.ActiveCfg = Debug|Any CPU
		{69233376-7BC1-4376-B4AE-5049957A7564}.Debug|Any CPU.Build.0 = Debug|Any CPU
		{69233376-7BC1-4376-B4AE-5049957A7564}.Release|Any CPU.ActiveCfg = Release|Any CPU
		{69233376-7BC1-4376-B4AE-5049957A7564}.Release|Any CPU.Build.0 = Release|Any CPU
	EndGlobalSection
	GlobalSection(SolutionProperties) = preSolution
		HideSolutionNode = FALSE
	EndGlobalSection
	GlobalSection(ExtensibilityGlobals) = postSolution
		SolutionGuid = {4999F66E-BDCB-4314-9F96-2EF5EFCF3413}
	EndGlobalSection
EndGlobal
